hash: 4f6b1cde7e2b0e5a3d9f8c1a2b3c4d5e6f7a8b9c0d1e2f3a4b5c6d7e8f9a0b1
updated: 2018-06-01T00:00:00.000000000-00:00
imports:
- name: github.com/fatih/color
  version: 5b77d2a35fb0ede96d138fc9a99b60f3b4ce0a4f
- name: github.com/mattn/go-colorable
  version: 167de6bfdfba052fa6b2d3664c8f5272e23e9a8d
- name: github.com/mattn/go-isatty
  version: fc9e8d8ef48496124e79ae0df75490096eccf6fe
testImports: []